%{
  "cowboy": {:hex, :cowboy, "2.9.0", "865dd8b6607e14cf03282e10e934023a1bd8be6f6bacf921a7e2a96d800cd452", [:make, :rebar3], [{:cowlib, "2.11.0", [hex: :cowlib, repo: "hexpm", optional: false]}, {:ranch, "1.8.0", [hex: :ranch, repo: "hexpm", optional: false]}], "hexpm", "2c729f934b4e1aa149aff882f57c6372c15399a20d54f65c8d67bef583021bde"},
  "cowboy_telemetry": {:hex, :cowboy_telemetry, "0.3.1", "ebd1a1d7aff97f27c66654e78ece187abdc646992714164380d8a041eda16754", [:rebar3], [{:cowboy, "~> 2.7", [hex: :cowboy, repo: "hexpm", optional: false]}, {:telemetry, "~> 0.4", [hex: :telemetry, repo: "hexpm", optional: false]}], "hexpm", "3a6efd3366130eab84ca372cbd4a7d3c3a97bdfcfb4911233b035d117063f0af"},
  "cowlib": {:hex, :cowlib, "2.11.0", "0b9ff9c346629256c42ebe1eeb769a83c6cb771a6ee5960bd110ab0b9b872063", [:make, :rebar3], [], "hexpm", "2b3e9da0b21c4565751a6d4901c20d1b4cc25cbb7fd50d91d2ab6dd287bc86a9"},
  "earmark": {:hex, :earmark, "1.3.0", "17f0c38eaafb4800f746b457313af4b2442a8c2405b49c645768680f900be603", [:mix], [], "hexpm", "f8b8820099caf0d5e72ae6482d2b0da96f213cbbe2b5b2191a37966e119eaa27"},
  "earmark_parser": {:hex, :earmark_parser, "1.4.10", "6603d7a603b9c18d3d20db69921527f82ef09990885ed7525003c7fe7dc86c56", [:mix], [], "hexpm", "8e2d5370b732385db2c9b22215c3f59c84ac7dda7ed7e544d7c459496ae519c0"},
  "espec": {:hex, :espec, "1.6.3", "d9355788e508b82743a1b1b9aa5ac64ba37b0547c6210328d909e8a6eb56d42e", [:mix], [{:meck, "0.8.12", [hex: :meck, repo: "hexpm", optional: false]}], "hexpm", "235ef9931fc6ae8066272b77dc11c462e72af0aa50c6023643acd22b09326d21"},
  "ex_doc": {:hex, :ex_doc, "0.22.2", "03a2a58bdd2ba0d83d004507c4ee113b9c521956938298eba16e55cc4aba4a6c", [:mix], [{:earmark_parser, "~> 1.4.0", [hex: :earmark_parser, repo: "hexpm", optional: false]}, {:makeup_elixir, "~> 0.14", [hex: :makeup_elixir, repo: "hexpm", optional: false]}], "hexpm", "cf60e1b3e2efe317095b6bb79651f83a2c1b3edcb4d319c421d7fcda8b3aff26"},
  "gun": {:git, "https://github.com/PSPDFKit-labs/gun.git", "0462585ec7b0bcb2ca4b8b91e6d2624a45324b6e", []},
  "makeup": {:hex, :makeup, "1.0.3", "e339e2f766d12e7260e6672dd4047405963c5ec99661abdc432e6ec67d29ef95", [:mix], [{:nimble_parsec, "~> 0.5", [hex: :nimble_parsec, repo: "hexpm", optional: false]}], "hexpm", "2e9b4996d11832947731f7608fed7ad2f9443011b3b479ae288011265cdd3dad"},
  "makeup_elixir": {:hex, :makeup_elixir, "0.14.1", "4f0e96847c63c17841d42c08107405a005a2680eb9c7ccadfd757bd31dabccfb", [:mix], [{:makeup, "~> 1.0", [hex: :makeup, repo: "hexpm", optional: false]}], "hexpm", "f2438b1a80eaec9ede832b5c41cd4f373b38fd7aa33e3b22d9db79e640cbde11"},
  "meck": {:hex, :meck, "0.8.12", "1f7b1a9f5d12c511848fec26bbefd09a21e1432eadb8982d9a8aceb9891a3cf2", [:rebar3], [], "hexpm", "7a6ab35a42e6c846636e8ecd6fdf2cc2e3f09dbee1abb15c1a7c705c10775787"},
  "mime": {:hex, :mime, "1.6.0", "dabde576a497cef4bbdd60aceee8160e02a6c89250d6c0b29e56c0dfb00db3d2", [:mix], [], "hexpm", "31a1a8613f8321143dde1dafc36006a17d28d02bdfecb9e95a880fa7aabd19a7"},
  "mint": {:hex, :mint, "1.1.0", "1fd0189edd9e3ffdbd7fcd8bc3835902b987a63ec6c4fd1aa8c2a56e2165f252", [:mix], [{:castore, "~> 0.1.0", [hex: :castore, repo: "hexpm", optional: true]}], "hexpm", "5bfd316c3789340b682d5679a8116bcf2112e332447bdc20c1d62909ee45f48d"},
  "nimble_parsec": {:hex, :nimble_parsec, "0.6.0", "32111b3bf39137144abd7ba1cce0914533b2d16ef35e8abc5ec8be6122944263", [:mix], [], "hexpm", "27eac315a94909d4dc68bc07a4a83e06c8379237c5ea528a9acff4ca1c873c52"},
  "plug": {:hex, :plug, "1.11.1", "f2992bac66fdae679453c9e86134a4201f6f43a687d8ff1cd1b2862d53c80259", [:mix], [{:mime, "~> 1.0", [hex: :mime, repo: "hexpm", optional: false]}, {:plug_crypto, "~> 1.1.1 or ~> 1.2", [hex: :plug_crypto, repo: "hexpm", optional: false]}, {:telemetry, "~> 0.4", [hex: :telemetry, repo: "hexpm", optional: false]}], "hexpm", "23524e4fefbb587c11f0833b3910bfb414bf2e2534d61928e920f54e3a1b881f"},
  "plug_cowboy": {:hex, :plug_cowboy, "2.5.0", "51c998f788c4e68fc9f947a5eba8c215fbb1d63a520f7604134cab0270ea6513", [:mix], [{:cowboy, "~> 2.7", [hex: :cowboy, repo: "hexpm", optional: false]}, {:cowboy_telemetry, "~> 0.3", [hex: :cowboy_telemetry, repo: "hexpm", optional: false]}, {:plug, "~> 1.7", [hex: :plug, repo: "hexpm", optional: false]}, {:telemetry, "~> 0.4", [hex: :telemetry, repo: "hexpm", optional: false]}], "hexpm", "5b2c8925a5e2587446f33810a58c01e66b3c345652eeec809b76ba007acde71a"},
  "plug_crypto": {:hex, :plug_crypto, "1.2.2", "05654514ac717ff3a1843204b424477d9e60c143406aa94daf2274fdd280794d", [:mix], [], "hexpm", "87631c7ad914a5a445f0a3809f99b079113ae4ed4b867348dd9eec288cecb6db"},
  "ranch": {:hex, :ranch, "2.0.0", "fbf3d79661c071543256f9051caf19d65daa6df1cf6824d8f37a49b19a66f703", [:rebar3], [], "hexpm", "c20a4840c7d6623c19812d3a7c828b2f1bd153ef0f124cb69c54fe51d8a42ae0"},
  "telemetry": {:hex, :telemetry, "0.4.3", "a06428a514bdbc63293cd9a6263aad00ddeb66f608163bdec7c8995784080818", [:rebar3], [], "hexpm", "eb72b8365ffda5bed68a620d1da88525e326cb82a75ee61354fc24b844768041"},
}
